[[tools.pre-commit]]
version = "4.5.0"
backend = "aqua:pre-commit/pre-commit"
"platforms.linux-arm64" = { checksum = "sha256:fbbfa47d19b98e03eb11963094ac3644a97cba105a8c660d8dab4c409c89cebe", url = "https://github.com/pre-commit/pre-commit/releases/download/v4.5.0/pre-commit-4.5.0.pyz"}
"platforms.linux-x64" = { checksum = "sha256:fbbfa47d19b98e03eb11963094ac3644a97cba105a8c660d8dab4c409c89cebe", url = "https://github.com/pre-commit/pre-commit/releases/download/v4.5.0/pre-commit-4.5.0.pyz"}
"platforms.macos-arm64" = { checksum = "sha256:fbbfa47d19b98e03eb11963094ac3644a97cba105a8c660d8dab4c409c89cebe", url = "https://github.com/pre-commit/pre-commit/releases/download/v4.5.0/pre-commit-4.5.0.pyz"}
"platforms.macos-x64" = { checksum = "sha256:fbbfa47d19b98e03eb11963094ac3644a97cba105a8c660d8dab4c409c89cebe", url = "https://github.com/pre-commit/pre-commit/releases/download/v4.5.0/pre-commit-4.5.0.pyz"}
"platforms.windows-x64" = { checksum = "sha256:fbbfa47d19b98e03eb11963094ac3644a97cba105a8c660d8dab4c409c89cebe", url = "https://github.com/pre-commit/pre-commit/releases/download/v4.5.0/pre-commit-4.5.0.pyz"}

[[tools.trufflehog]]
version = "3.91.2"
backend = "aqua:trufflesecurity/trufflehog"
"platforms.linux-arm64" = { checksum = "sha256:21cb7dcd23df56b30b985d97ed9816c2393118a2b9e7df842cb5e61c46b7dec0", url = "https://github.com/trufflesecurity/trufflehog/releases/download/v3.91.2/trufflehog_3.91.2_linux_arm64.tar.gz"}
"platforms.linux-x64" = { checksum = "sha256:72c1d5b465878887178c33063ef2893b9f1529e79af7f24169fed52868b2c056", url = "https://github.com/trufflesecurity/trufflehog/releases/download/v3.91.2/trufflehog_3.91.2_linux_amd64.tar.gz"}
"platforms.macos-arm64" = { checksum = "sha256:c86f385bdcc933272609462ba13c972b56f497351b93b21306ae461c961d6976", url = "https://github.com/trufflesecurity/trufflehog/releases/download/v3.91.2/trufflehog_3.91.2_darwin_arm64.tar.gz"}
"platforms.macos-x64" = { checksum = "sha256:229ac6d818106c8d25e2f55636d78fb8f17790fd4b2ca32e0244229e447086d0", url = "https://github.com/trufflesecurity/trufflehog/releases/download/v3.91.2/trufflehog_3.91.2_darwin_amd64.tar.gz"}
"platforms.windows-x64" = { checksum = "sha256:a6f88baf9c18e61f81a75b44a1b56f067d4fd469d21c944f82177ca54cada6e4", url = "https://github.com/trufflesecurity/trufflehog/releases/download/v3.91.2/trufflehog_3.91.2_windows_amd64.tar.gz"}

[[tools.uv]]
version = "0.9.16"
backend = "aqua:astral-sh/uv"
"platforms.linux-arm64" = { checksum = "sha256:cb6730e083f17b38aea88c2bdfc3d4c834a832444087d30d7914bd460ae15b79", url = "https://github.com/astral-sh/uv/releases/download/0.9.16/uv-aarch64-unknown-linux-musl.tar.gz"}
"platforms.linux-x64" = { checksum = "sha256:35a26bea6aad2c8eb468cdf69baccc7ab79b3d0971a76a6741a687535a2acfad", url = "https://github.com/astral-sh/uv/releases/download/0.9.16/uv-x86_64-unknown-linux-musl.tar.gz"}
"platforms.macos-arm64" = { checksum = "sha256:db6d7fb299c35dc9bbbeb89cfa9aa55a9584f637d370c0a4c62a50df9c9294a7", url = "https://github.com/astral-sh/uv/releases/download/0.9.16/uv-aarch64-apple-darwin.tar.gz"}
"platforms.macos-x64" = { checksum = "sha256:e1ba1992e163f8b9d54d1cd1501002f019f4b729dec2a197e79a56d354ec2773", url = "https://github.com/astral-sh/uv/releases/download/0.9.16/uv-x86_64-apple-darwin.tar.gz"}
"platforms.windows-x64" = { checksum = "sha256:e498a1d5983da7727af96b63ddfcd52ee883173552664ad0b629b3d4c7a46e91", url = "https://github.com/astral-sh/uv/releases/download/0.9.16/uv-x86_64-pc-windows-msvc.zip"}
